
Microsoft Visual Studio Solution File, Format Version 12.00
Project("{FAE04EC0-301F-11D3-BF4B-00C04F79EFBC}") = "CHE_PortMon", "CHE_PortMon.csproj", "{47E49D5E-2E74-4A3C-93F2-1759ECF905E3}"
EndProject
Global
	GlobalSection(SolutionConfigurationPlatforms) = preSolution
		Debug|Any CPU = Debug|Any CPU
		Release|Any CPU = Release|Any CPU
	EndGlobalSection
	GlobalSection(ProjectConfigurationPlatforms) = postSolution
		{47E49D5E-2E74-4A3C-93F2-1759ECF905E3}.Debug|Any CPU.ActiveCfg = Debug|Any CPU
		{47E49D5E-2E74-4A3C-93F2-1759ECF905E3}.Debug|Any CPU.Build.0 = Debug|Any CPU
		{47E49D5E-2E74-4A3C-93F2-1759ECF905E3}.Release|Any CPU.ActiveCfg = Release|Any CPU
		{47E49D5E-2E74-4A3C-93F2-1759ECF905E3}.Release|Any CPU.Build.0 = Release|Any CPU
	EndGlobalSection
EndGlobal
